
Microsoft Visual Studio Solution File, Format Version 12.00
# Visual Studio Version 17
VisualStudioVersion = 17.2.32602.215
MinimumVisualStudioVersion = 10.0.40219.1
Project("{FAE04EC0-301F-11D3-BF4B-00C04F79EFBC}") = "BFS traversal", "BFS traversal\BFS traversal.csproj", "{6D32C172-7917-4BBD-8010-5A8E13E3428A}"
EndProject
Global
	GlobalSection(SolutionConfigurationPlatforms) = preSolution
		Debug|Any CPU = Debug|Any CPU
		Release|Any CPU = Release|Any CPU
	EndGlobalSection
	GlobalSection(ProjectConfigurationPlatforms) = postSolution
		{6D32C172-7917-4BBD-8010-5A8E13E3428A}.Debug|Any CPU.ActiveCfg = Debug|Any CPU
		{6D32C172-7917-4BBD-8010-5A8E13E3428A}.Debug|Any CPU.Build.0 = Debug|Any CPU
		{6D32C172-7917-4BBD-8010-5A8E13E3428A}.Release|Any CPU.ActiveCfg = Release|Any CPU
		{6D32C172-7917-4BBD-8010-5A8E13E3428A}.Release|Any CPU.Build.0 = Release|Any CPU
	EndGlobalSection
	GlobalSection(SolutionProperties) = preSolution
		HideSolutionNode = FALSE
	EndGlobalSection
	GlobalSection(ExtensibilityGlobals) = postSolution
		SolutionGuid = {77CF267B-D128-4F25-A399-0688A91E6EE7}
	EndGlobalSection
EndGlobal
